
Microsoft Visual Studio Solution File, Format Version 12.00
# Visual Studio Version 16
VisualStudioVersion = 16.0.29728.190
MinimumVisualStudioVersion = 10.0.40219.1
Project("{FAE04EC0-301F-11D3-BF4B-00C04F79EFBC}") = "BlazorWithMongo.Server", "BlazorWithMongo\Server\BlazorWithMongo.Server.csproj", "{BE2F6887-11F6-48F5-AE86-997B585902A6}"
EndProject
Project("{FAE04EC0-301F-11D3-BF4B-00C04F79EFBC}") = "BlazorWithMongo.Client", "BlazorWithMongo\Client\BlazorWithMongo.Client.csproj", "{C9B9B310-8EC1-4250-A6CC-5AA7976B1323}"
EndProject
Project("{FAE04EC0-301F-11D3-BF4B-00C04F79EFBC}") = "BlazorWithMongo.Shared", "BlazorWithMongo\Shared\BlazorWithMongo.Shared.csproj", "{52F09E86-028F-42D2-8517-020EBEE4756C}"
EndProject
Global
	GlobalSection(SolutionConfigurationPlatforms) = preSolution
		Debug|Any CPU = Debug|Any CPU
		Release|Any CPU = Release|Any CPU
	EndGlobalSection
	GlobalSection(ProjectConfigurationPlatforms) = postSolution
		{BE2F6887-11F6-48F5-AE86-997B585902A6}.Debug|Any CPU.ActiveCfg = Debug|Any CPU
		{BE2F6887-11F6-48F5-AE86-997B585902A6}.Debug|Any CPU.Build.0 = Debug|Any CPU
		{BE2F6887-11F6-48F5-AE86-997B585902A6}.Release|Any CPU.ActiveCfg = Release|Any CPU
		{BE2F6887-11F6-48F5-AE86-997B585902A6}.Release|Any CPU.Build.0 = Release|Any CPU
		{C9B9B310-8EC1-4250-A6CC-5AA7976B1323}.Debug|Any CPU.ActiveCfg = Debug|Any CPU
		{C9B9B310-8EC1-4250-A6CC-5AA7976B1323}.Debug|Any CPU.Build.0 = Debug|Any CPU
		{C9B9B310-8EC1-4250-A6CC-5AA7976B1323}.Release|Any CPU.ActiveCfg = Release|Any CPU
		{C9B9B310-8EC1-4250-A6CC-5AA7976B1323}.Release|Any CPU.Build.0 = Release|Any CPU
		{52F09E86-028F-42D2-8517-020EBEE4756C}.Debug|Any CPU.ActiveCfg = Debug|Any CPU
		{52F09E86-028F-42D2-8517-020EBEE4756C}.Debug|Any CPU.Build.0 = Debug|Any CPU
		{52F09E86-028F-42D2-8517-020EBEE4756C}.Release|Any CPU.ActiveCfg = Release|Any CPU
		{52F09E86-028F-42D2-8517-020EBEE4756C}.Release|Any CPU.Build.0 = Release|Any CPU
	EndGlobalSection
	GlobalSection(SolutionProperties) = preSolution
		HideSolutionNode = FALSE
	EndGlobalSection
	GlobalSection(ExtensibilityGlobals) = postSolution
		SolutionGuid = {87D531EF-F363-43F8-84DF-FAD7793ECBDF}
	EndGlobalSection
EndGlobal
